// !$*UTF8*$!
{
	archiveVersion = 1;
	classes = {
	};
	objectVersion = 46;
	objects = {

/* Begin PBXBuildFile section */
		BFD62D411C16A42F00AC1365 /* AppDelegate.m in Sources */ = {isa = PBXBuildFile; fileRef = BFD62D401C16A42F00AC1365 /* AppDelegate.m */; };
		BFD62D431C16A42F00AC1365 /* main.m in Sources */ = {isa = PBXBuildFile; fileRef = BFD62D421C16A42F00AC1365 /* main.m */; };
		BFD62D451C16A42F00AC1365 /* Images.xcassets in Resources */ = {isa = PBXBuildFile; fileRef = BFD62D441C16A42F00AC1365 /* Images.xcassets */; };
		BFD62D481C16A42F00AC1365 /* MainMenu.xib in Resources */ = {isa = PBXBuildFile; fileRef = BFD62D461C16A42F00AC1365 /* MainMenu.xib */; };
		BFD62D541C16A43000AC1365 /* DataCreateTests.m in Sources */ = {isa = PBXBuildFile; fileRef = BFD62D531C16A43000AC1365 /* DataCreateTests.m */; };
/* End PBXBuildFile section */

/* Begin PBXContainerItemProxy section */
		BFD62D4E1C16A43000AC1365 /* PBXContainerItemProxy */ = {
			isa = PBXContainerItemProxy;
			containerPortal = BFD62D321C16A42F00AC1365 /* Project object */;
			proxyType = 1;
			remoteGlobalIDString = BFD62D391C16A42F00AC1365;
			remoteInfo = DataCreate;
		};
/* End PBXContainerItemProxy section */

/* Begin PBXFileReference section */
		BFD62D3A1C16A42F00AC1365 /* DataCreate.app */ = {isa = PBXFileReference; explicitFileType = wrapper.application; includeInIndex = 0; path = DataCreate.app; sourceTree = BUILT_PRODUCTS_DIR; };
		BFD62D3E1C16A42F00AC1365 /* Info.plist */ = {isa = PBXFileReference; lastKnownFileType = text.plist.xml; path = Info.plist; sourceTree = "<group>"; };
		BFD62D3F1C16A42F00AC1365 /* AppDelegate.h */ = {isa = PBXFileReference; lastKnownFileType = sourcecode.c.h; path = AppDelegate.h; sourceTree = "<group>"; };
		BFD62D401C16A42F00AC1365 /* AppDelegate.m */ = {isa = PBXFileReference; lastKnownFileType = sourcecode.c.objc; path = AppDelegate.m; sourceTree = "<group>"; };
		BFD62D421C16A42F00AC1365 /* main.m */ = {isa = PBXFileReference; lastKnownFileType = sourcecode.c.objc; path = main.m; sourceTree = "<group>"; };
		BFD62D441C16A42F00AC1365 /* Images.xcassets */ = {isa = PBXFileReference; lastKnownFileType = folder.assetcatalog; path = Images.xcassets; sourceTree = "<group>"; };
		BFD62D471C16A42F00AC1365 /* Base */ = {isa = PBXFileReference; lastKnownFileType = file.xib; name = Base; path = Base.lproj/MainMenu.xib; sourceTree = "<group>"; };
		BFD62D4D1C16A43000AC1365 /* DataCreateTests.xctest */ = {isa = PBXFileReference; explicitFileType = wrapper.cfbundle; includeInIndex = 0; path = DataCreateTests.xctest; sourceTree = BUILT_PRODUCTS_DIR; };
		BFD62D521C16A43000AC1365 /* Info.plist */ = {isa = PBXFileReference; lastKnownFileType = text.plist.xml; path = Info.plist; sourceTree = "<group>"; };
		BFD62D531C16A43000AC1365 /* DataCreateTests.m */ = {isa = PBXFileReference; lastKnownFileType = sourcecode.c.objc; path = DataCreateTests.m; sourceTree = "<group>"; };
/* End PBXFileReference section */

/* Begin PBXFrameworksBuildPhase section */
		BFD62D371C16A42F00AC1365 /* Frameworks */ = {
			isa = PBXFrameworksBuildPhase;
			buildActionMask = 2147483647;
			files = (
			);
			runOnlyForDeploymentPostprocessing = 0;
		};
		BFD62D4A1C16A43000AC1365 /* Frameworks */ = {
			isa = PBXFrameworksBuildPhase;
			buildActionMask = 2147483647;
			files = (
			);
			runOnlyForDeploymentPostprocessing = 0;
		};
/* End PBXFrameworksBuildPhase section */

/* Begin PBXGroup section */
		BFD62D311C16A42F00AC1365 = {
			isa = PBXGroup;
			children = (
				BFD62D3C1C16A42F00AC1365 /* DataCreate */,
				BFD62D501C16A43000AC1365 /* DataCreateTests */,
				BFD62D3B1C16A42F00AC1365 /* Products */,
			);
			sourceTree = "<group>";
		};
		BFD62D3B1C16A42F00AC1365 /* Products */ = {
			isa = PBXGroup;
			children = (
				BFD62D3A1C16A42F00AC1365 /* DataCreate.app */,
				BFD62D4D1C16A43000AC1365 /* DataCreateTests.xctest */,
			);
			name = Products;
			sourceTree = "<group>";
		};
		BFD62D3C1C16A42F00AC1365 /* DataCreate */ = {
			isa = PBXGroup;
			children = (
				BFD62D3F1C16A42F00AC1365 /* AppDelegate.h */,
				BFD62D401C16A42F00AC1365 /* AppDelegate.m */,
				BFD62D441C16A42F00AC1365 /* Images.xcassets */,
				BFD62D461C16A42F00AC1365 /* MainMenu.xib */,
				BFD62D3D1C16A42F00AC1365 /* Supporting Files */,
			);
			path = DataCreate;
			sourceTree = "<group>";
		};
		BFD62D3D1C16A42F00AC1365 /* Supporting Files */ = {
			isa = PBXGroup;
			children = (
				BFD62D3E1C16A42F00AC1365 /* Info.plist */,
				BFD62D421C16A42F00AC1365 /* main.m */,
			);
			name = "Supporting Files";
			sourceTree = "<group>";
		};
		BFD62D501C16A43000AC1365 /* DataCreateTests */ = {
			isa = PBXGroup;
			children = (
				BFD62D531C16A43000AC1365 /* DataCreateTests.m */,
				BFD62D511C16A43000AC1365 /* Supporting Files */,
			);
			path = DataCreateTests;
			sourceTree = "<group>";
		};
		BFD62D511C16A43000AC1365 /* Supporting Files */ = {
			isa = PBXGroup;
			children = (
				BFD62D521C16A43000AC1365 /* Info.plist */,
			);
			name = "Supporting Files";
			sourceTree = "<group>";
		};
/* End PBXGroup section */

/* Begin PBXNativeTarget section */
		BFD62D391C16A42F00AC1365 /* DataCreate */ = {
			isa = PBXNativeTarget;
			buildConfigurationList = BFD62D571C16A43000AC1365 /* Build configuration list for PBXNativeTarget "DataCreate" */;
			buildPhases = (
				BFD62D361C16A42F00AC1365 /* Sources */,
				BFD62D371C16A42F00AC1365 /* Frameworks */,
				BFD62D381C16A42F00AC1365 /* Resources */,
			);
			buildRules = (
			);
			dependencies = (
			);
			name = DataCreate;
			productName = DataCreate;
			productReference = BFD62D3A1C16A42F00AC1365 /* DataCreate.app */;
			productType = "com.apple.product-type.application";
		};
		BFD62D4C1C16A43000AC1365 /* DataCreateTests */ = {
			isa = PBXNativeTarget;
			buildConfigurationList = BFD62D5A1C16A43000AC1365 /* Build configuration list for PBXNativeTarget "DataCreateTests" */;
			buildPhases = (
				BFD62D491C16A43000AC1365 /* Sources */,
				BFD62D4A1C16A43000AC1365 /* Frameworks */,
				BFD62D4B1C16A43000AC1365 /* Resources */,
			);
			buildRules = (
			);
			dependencies = (
				BFD62D4F1C16A43000AC1365 /* PBXTargetDependency */,
			);
			name = DataCreateTests;
			productName = DataCreateTests;
			productReference = BFD62D4D1C16A43000AC1365 /* DataCreateTests.xctest */;
			productType = "com.apple.product-type.bundle.unit-test";
		};
/* End PBXNativeTarget section */

/* Begin PBXProject section */
		BFD62D321C16A42F00AC1365 /* Project object */ = {
			isa = PBXProject;
			attributes = {
				LastUpgradeCheck = 0620;
				ORGANIZATIONNAME = bubble;
				TargetAttributes = {
					BFD62D391C16A42F00AC1365 = {
						CreatedOnToolsVersion = 6.2;
					};
					BFD62D4C1C16A43000AC1365 = {
						CreatedOnToolsVersion = 6.2;
						TestTargetID = BFD62D391C16A42F00AC1365;
					};
				};
			};
			buildConfigurationList = BFD62D351C16A42F00AC1365 /* Build configuration list for PBXProject "DataCreate" */;
			compatibilityVersion = "Xcode 3.2";
			developmentRegion = English;
			hasScannedForEncodings = 0;
			knownRegions = (
				en,
				Base,
			);
			mainGroup = BFD62D311C16A42F00AC1365;
			productRefGroup = BFD62D3B1C16A42F00AC1365 /* Products */;
			projectDirPath = "";
			projectRoot = "";
			targets = (
				BFD62D391C16A42F00AC1365 /* DataCreate */,
				BFD62D4C1C16A43000AC1365 /* DataCreateTests */,
			);
		};
/* End PBXProject section */

/* Begin PBXResourcesBuildPhase section */
		BFD62D381C16A42F00AC1365 /* Resources */ = {
			isa = PBXResourcesBuildPhase;
			buildActionMask = 2147483647;
			files = (
				BFD62D451C16A42F00AC1365 /* Images.xcassets in Resources */,
				BFD62D481C16A42F00AC1365 /* MainMenu.xib in Resources */,
			);
			runOnlyForDeploymentPostprocessing = 0;
		};
		BFD62D4B1C16A43000AC1365 /* Resources */ = {
			isa = PBXResourcesBuildPhase;
			buildActionMask = 2147483647;
			files = (
			);
			runOnlyForDeploymentPostprocessing = 0;
		};
/* End PBXResourcesBuildPhase section */

/* Begin PBXSourcesBuildPhase section */
		BFD62D361C16A42F00AC1365 /* Sources */ = {
			isa = PBXSourcesBuildPhase;
			buildActionMask = 2147483647;
			files = (
				BFD62D431C16A42F00AC1365 /* main.m in Sources */,
				BFD62D411C16A42F00AC1365 /* AppDelegate.m in Sources */,
			);
			runOnlyForDeploymentPostprocessing = 0;
		};
		BFD62D491C16A43000AC1365 /* Sources */ = {
			isa = PBXSourcesBuildPhase;
			buildActionMask = 2147483647;
			files = (
				BFD62D541C16A43000AC1365 /* DataCreateTests.m in Sources */,
			);
			runOnlyForDeploymentPostprocessing = 0;
		};
/* End PBXSourcesBuildPhase section */

/* Begin PBXTargetDependency section */
		BFD62D4F1C16A43000AC1365 /* PBXTargetDependency */ = {
			isa = PBXTargetDependency;
			target = BFD62D391C16A42F00AC1365 /* DataCreate */;
			targetProxy = BFD62D4E1C16A43000AC1365 /* PBXContainerItemProxy */;
		};
/* End PBXTargetDependency section */

/* Begin PBXVariantGroup section */
		BFD62D461C16A42F00AC1365 /* MainMenu.xib */ = {
			isa = PBXVariantGroup;
			children = (
				BFD62D471C16A42F00AC1365 /* Base */,
			);
			name = MainMenu.xib;
			sourceTree = "<group>";
		};
/* End PBXVariantGroup section */

/* Begin XCBuildConfiguration section */
		BFD62D551C16A43000AC1365 /* Debug */ = {
			isa = XCBuildConfiguration;
			buildSettings = {
				ALWAYS_SEARCH_USER_PATHS = NO;
				CLANG_CXX_LANGUAGE_STANDARD = "gnu++0x";
				CLANG_CXX_LIBRARY = "libc++";
				CLANG_ENABLE_MODULES = YES;
				CLANG_ENABLE_OBJC_ARC = YES;
				CLANG_WARN_BOOL_CONVERSION = YES;
				CLANG_WARN_CONSTANT_CONVERSION = YES;
				CLANG_WARN_DIRECT_OBJC_ISA_USAGE = YES_ERROR;
				CLANG_WARN_EMPTY_BODY = YES;
				CLANG_WARN_ENUM_CONVERSION = YES;
				CLANG_WARN_INT_CONVERSION = YES;
				CLANG_WARN_OBJC_ROOT_CLASS = YES_ERROR;
				CLANG_WARN_UNREACHABLE_CODE = YES;
				CLANG_WARN__DUPLICATE_METHOD_MATCH = YES;
				CODE_SIGN_IDENTITY = "-";
				COPY_PHASE_STRIP = NO;
				ENABLE_STRICT_OBJC_MSGSEND = YES;
				GCC_C_LANGUAGE_STANDARD = gnu99;
				GCC_DYNAMIC_NO_PIC = NO;
				GCC_OPTIMIZATION_LEVEL = 0;
				GCC_PREPROCESSOR_DEFINITIONS = (
					"DEBUG=1",
					"$(inherited)",
				);
				GCC_SYMBOLS_PRIVATE_EXTERN = NO;
				GCC_WARN_64_TO_32_BIT_CONVERSION = YES;
				GCC_WARN_ABOUT_RETURN_TYPE = YES_ERROR;
				GCC_WARN_UNDECLARED_SELECTOR = YES;
				GCC_WARN_UNINITIALIZED_AUTOS = YES_AGGRESSIVE;
				GCC_WARN_UNUSED_FUNCTION = YES;
				GCC_WARN_UNUSED_VARIABLE = YES;
				MACOSX_DEPLOYMENT_TARGET = 10.9;
				MTL_ENABLE_DEBUG_INFO = YES;
				ONLY_ACTIVE_ARCH = YES;
				SDKROOT = macosx10.9;
			};
			name = Debug;
		};
		BFD62D561C16A43000AC1365 /* Release */ = {
			isa = XCBuildConfiguration;
			buildSettings = {
				ALWAYS_SEARCH_USER_PATHS = NO;
				CLANG_CXX_LANGUAGE_STANDARD = "gnu++0x";
				CLANG_CXX_LIBRARY = "libc++";
				CLANG_ENABLE_MODULES = YES;
				CLANG_ENABLE_OBJC_ARC = YES;
				CLANG_WARN_BOOL_CONVERSION = YES;
				CLANG_WARN_CONSTANT_CONVERSION = YES;
				CLANG_WARN_DIRECT_OBJC_ISA_USAGE = YES_ERROR;
				CLANG_WARN_EMPTY_BODY = YES;
				CLANG_WARN_ENUM_CONVERSION = YES;
				CLANG_WARN_INT_CONVERSION = YES;
				CLANG_WARN_OBJC_ROOT_CLASS = YES_ERROR;
				CLANG_WARN_UNREACHABLE_CODE = YES;
				CLANG_WARN__DUPLICATE_METHOD_MATCH = YES;
				CODE_SIGN_IDENTITY = "-";
				COPY_PHASE_STRIP = NO;
				DEBUG_INFORMATION_FORMAT = "dwarf-with-dsym";
				ENABLE_NS_ASSERTIONS = NO;
				ENABLE_STRICT_OBJC_MSGSEND = YES;
				GCC_C_LANGUAGE_STANDARD = gnu99;
				GCC_WARN_64_TO_32_BIT_CONVERSION = YES;
				GCC_WARN_ABOUT_RETURN_TYPE = YES_ERROR;
				GCC_WARN_UNDECLARED_SELECTOR = YES;
				GCC_WARN_UNINITIALIZED_AUTOS = YES_AGGRESSIVE;
				GCC_WARN_UNUSED_FUNCTION = YES;
				GCC_WARN_UNUSED_VARIABLE = YES;
				MACOSX_DEPLOYMENT_TARGET = 10.9;
				MTL_ENABLE_DEBUG_INFO = NO;
				SDKROOT = macosx10.9;
			};
			name = Release;
		};
		BFD62D581C16A43000AC1365 /* Debug */ = {
			isa = XCBuildConfiguration;
			buildSettings = {
				ASSETCATALOG_COMPILER_APPICON_NAME = AppIcon;
				COMBINE_HIDPI_IMAGES = YES;
				INFOPLIST_FILE = DataCreate/Info.plist;
				LD_RUNPATH_SEARCH_PATHS = "$(inherited) @executable_path/../Frameworks";
				PRODUCT_NAME = "$(TARGET_NAME)";
			};
			name = Debug;
		};
		BFD62D591C16A43000AC1365 /* Release */ = {
			isa = XCBuildConfiguration;
			buildSettings = {
				ASSETCATALOG_COMPILER_APPICON_NAME = AppIcon;
				COMBINE_HIDPI_IMAGES = YES;
				INFOPLIST_FILE = DataCreate/Info.plist;
				LD_RUNPATH_SEARCH_PATHS = "$(inherited) @executable_path/../Frameworks";
				PRODUCT_NAME = "$(TARGET_NAME)";
			};
			name = Release;
		};
		BFD62D5B1C16A43000AC1365 /* Debug */ = {
			isa = XCBuildConfiguration;
			buildSettings = {
				BUNDLE_LOADER = "$(TEST_HOST)";
				COMBINE_HIDPI_IMAGES = YES;
				FRAMEWORK_SEARCH_PATHS = (
					"$(DEVELOPER_FRAMEWORKS_DIR)",
					"$(inherited)",
				);
				GCC_PREPROCESSOR_DEFINITIONS = (
					"DEBUG=1",
					"$(inherited)",
				);
				INFOPLIST_FILE = DataCreateTests/Info.plist;
				LD_RUNPATH_SEARCH_PATHS = "$(inherited) @executable_path/../Frameworks @loader_path/../Frameworks";
				PRODUCT_NAME = "$(TARGET_NAME)";
				TEST_HOST = "$(BUILT_PRODUCTS_DIR)/DataCreate.app/Contents/MacOS/DataCreate";
			};
			name = Debug;
		};
		BFD62D5C1C16A43000AC1365 /* Release */ = {
			isa = XCBuildConfiguration;
			buildSettings = {
				BUNDLE_LOADER = "$(TEST_HOST)";
				COMBINE_HIDPI_IMAGES = YES;
				FRAMEWORK_SEARCH_PATHS = (
					"$(DEVELOPER_FRAMEWORKS_DIR)",
					"$(inherited)",
				);
				INFOPLIST_FILE = DataCreateTests/Info.plist;
				LD_RUNPATH_SEARCH_PATHS = "$(inherited) @executable_path/../Frameworks @loader_path/../Frameworks";
				PRODUCT_NAME = "$(TARGET_NAME)";
				TEST_HOST = "$(BUILT_PRODUCTS_DIR)/DataCreate.app/Contents/MacOS/DataCreate";
			};
			name = Release;
		};
/* End XCBuildConfiguration section */

/* Begin XCConfigurationList section */
		BFD62D351C16A42F00AC1365 /* Build configuration list for PBXProject "DataCreate" */ = {
			isa = XCConfigurationList;
			buildConfigurations = (
				BFD62D551C16A43000AC1365 /* Debug */,
				BFD62D561C16A43000AC1365 /* Release */,
			);
			defaultConfigurationIsVisible = 0;
			defaultConfigurationName = Release;
		};
		BFD62D571C16A43000AC1365 /* Build configuration list for PBXNativeTarget "DataCreate" */ = {
			isa = XCConfigurationList;
			buildConfigurations = (
				BFD62D581C16A43000AC1365 /* Debug */,
				BFD62D591C16A43000AC1365 /* Release */,
			);
			defaultConfigurationIsVisible = 0;
			defaultConfigurationName = Release;
		};
		BFD62D5A1C16A43000AC1365 /* Build configuration list for PBXNativeTarget "DataCreateTests" */ = {
			isa = XCConfigurationList;
			buildConfigurations = (
				BFD62D5B1C16A43000AC1365 /* Debug */,
				BFD62D5C1C16A43000AC1365 /* Release */,
			);
			defaultConfigurationIsVisible = 0;
			defaultConfigurationName = Release;
		};
/* End XCConfigurationList section */
	};
	rootObject = BFD62D321C16A42F00AC1365 /* Project object */;
}
